
Microsoft Visual Studio Solution File, Format Version 12.00
# Visual Studio Version 17
VisualStudioVersion = 17.14.36408.4 d17.14
MinimumVisualStudioVersion = 10.0.40219.1
Project("{FAE04EC0-301F-11D3-BF4B-00C04F79EFBC}") = "thule", "thule\thule.csproj", "{D4D5A39D-7767-4F06-AE79-428CE485C467}"
EndProject
Global
	GlobalSection(SolutionConfigurationPlatforms) = preSolution
		Debug|Any CPU = Debug|Any CPU
		Release|Any CPU = Release|Any CPU
	EndGlobalSection
	GlobalSection(ProjectConfigurationPlatforms) = postSolution
		{D4D5A39D-7767-4F06-AE79-428CE485C467}.Debug|Any CPU.ActiveCfg = Debug|Any CPU
		{D4D5A39D-7767-4F06-AE79-428CE485C467}.Debug|Any CPU.Build.0 = Debug|Any CPU
		{D4D5A39D-7767-4F06-AE79-428CE485C467}.Release|Any CPU.ActiveCfg = Release|Any CPU
		{D4D5A39D-7767-4F06-AE79-428CE485C467}.Release|Any CPU.Build.0 = Release|Any CPU
	EndGlobalSection
	GlobalSection(SolutionProperties) = preSolution
		HideSolutionNode = FALSE
	EndGlobalSection
	GlobalSection(ExtensibilityGlobals) = postSolution
		SolutionGuid = {5F90A4F2-6C44-4F2B-8993-4C0A1F2FD1DD}
	EndGlobalSection
EndGlobal
